
Microsoft Visual Studio Solution File, Format Version 12.00
# Visual Studio 15
VisualStudioVersion = 15.0.28307.168
MinimumVisualStudioVersion = 10.0.40219.1
Project("{FAE04EC0-301F-11D3-BF4B-00C04F79EFBC}") = "WebApplication1", "WebApplication1\WebApplication1.csproj", "{668C3CE8-7FCA-4ACD-8470-717FCFCFCF0B}"
EndProject
Global
	GlobalSection(SolutionConfigurationPlatforms) = preSolution
		Debug|Any CPU = Debug|Any CPU
		Release|Any CPU = Release|Any CPU
	EndGlobalSection
	GlobalSection(ProjectConfigurationPlatforms) = postSolution
		{668C3CE8-7FCA-4ACD-8470-717FCFCFCF0B}.Debug|Any CPU.ActiveCfg = Debug|Any CPU
		{668C3CE8-7FCA-4ACD-8470-717FCFCFCF0B}.Debug|Any CPU.Build.0 = Debug|Any CPU
		{668C3CE8-7FCA-4ACD-8470-717FCFCFCF0B}.Release|Any CPU.ActiveCfg = Release|Any CPU
		{668C3CE8-7FCA-4ACD-8470-717FCFCFCF0B}.Release|Any CPU.Build.0 = Release|Any CPU
	EndGlobalSection
	GlobalSection(SolutionProperties) = preSolution
		HideSolutionNode = FALSE
	EndGlobalSection
	GlobalSection(ExtensibilityGlobals) = postSolution
		SolutionGuid = {7BC8EDF3-0C10-4485-9E66-9C08A7888138}
	EndGlobalSection
EndGlobal
